// !$*UTF8*$!
{
	archiveVersion = 1;
	classes = {
	};
	objectVersion = 46;
	objects = {

/* Begin PBXBuildFile section */
		1843AC5B1EE2551F003811FD /* AppDelegate.swift in Sources */ = {isa = PBXBuildFile; fileRef = 1843AC5A1EE2551F003811FD /* AppDelegate.swift */; };
		1843AC601EE2551F003811FD /* Main.storyboard in Resources */ = {isa = PBXBuildFile; fileRef = 1843AC5E1EE2551F003811FD /* Main.storyboard */; };
		1843AC621EE2551F003811FD /* Assets.xcassets in Resources */ = {isa = PBXBuildFile; fileRef = 1843AC611EE2551F003811FD /* Assets.xcassets */; };
		1843AC651EE2551F003811FD /* LaunchScreen.storyboard in Resources */ = {isa = PBXBuildFile; fileRef = 1843AC631EE2551F003811FD /* LaunchScreen.storyboard */; };
		18A45C981EE59F9300B89E98 /* ViewControllerExtension.swift in Sources */ = {isa = PBXBuildFile; fileRef = 18A45C971EE59F9300B89E98 /* ViewControllerExtension.swift */; };
		18CDDE081EE8073300893C20 /* AwesomeTextField.swift in Sources */ = {isa = PBXBuildFile; fileRef = 18CDDE071EE8073300893C20 /* AwesomeTextField.swift */; };
		18CDDE0B1EE80ECC00893C20 /* BaseViewController.swift in Sources */ = {isa = PBXBuildFile; fileRef = 18CDDE0A1EE80ECC00893C20 /* BaseViewController.swift */; };
		18CDDE0D1EE814F000893C20 /* UserRepository.swift in Sources */ = {isa = PBXBuildFile; fileRef = 18CDDE0C1EE814F000893C20 /* UserRepository.swift */; };
		18CDDE0F1EE832FC00893C20 /* UserModel.swift in Sources */ = {isa = PBXBuildFile; fileRef = 18CDDE0E1EE832FC00893C20 /* UserModel.swift */; };
		18CDDE111EE84D4900893C20 /* UserDefaultHandler.swift in Sources */ = {isa = PBXBuildFile; fileRef = 18CDDE101EE84D4900893C20 /* UserDefaultHandler.swift */; };
		18DAC6241EE3AB22008DF7BF /* FieldView.swift in Sources */ = {isa = PBXBuildFile; fileRef = 18DAC6231EE3AB22008DF7BF /* FieldView.swift */; };
		18DAC6261EE3AB2E008DF7BF /* FieldView.xib in Resources */ = {isa = PBXBuildFile; fileRef = 18DAC6251EE3AB2E008DF7BF /* FieldView.xib */; };
		18DAC62B1EE3B630008DF7BF /* ItemNavView.swift in Sources */ = {isa = PBXBuildFile; fileRef = 18DAC62A1EE3B630008DF7BF /* ItemNavView.swift */; };
		18DAC62D1EE3B63F008DF7BF /* ItemNavView.xib in Resources */ = {isa = PBXBuildFile; fileRef = 18DAC62C1EE3B63F008DF7BF /* ItemNavView.xib */; };
		18DAC6311EE3C499008DF7BF /* ItemPickerView.swift in Sources */ = {isa = PBXBuildFile; fileRef = 18DAC6301EE3C499008DF7BF /* ItemPickerView.swift */; };
		18DAC6331EE3C519008DF7BF /* ItemPickerView.xib in Resources */ = {isa = PBXBuildFile; fileRef = 18DAC6321EE3C519008DF7BF /* ItemPickerView.xib */; };
		18DAC6351EE3E08C008DF7BF /* ItemToDoView.xib in Resources */ = {isa = PBXBuildFile; fileRef = 18DAC6341EE3E08C008DF7BF /* ItemToDoView.xib */; };
		18DAC6371EE3E09A008DF7BF /* ItemToDoView.swift in Sources */ = {isa = PBXBuildFile; fileRef = 18DAC6361EE3E09A008DF7BF /* ItemToDoView.swift */; };
		18DAC63E1EE4169A008DF7BF /* Coordinator.swift in Sources */ = {isa = PBXBuildFile; fileRef = 18DAC63D1EE4169A008DF7BF /* Coordinator.swift */; };
		18DAC6401EE41859008DF7BF /* AppCoordinator.swift in Sources */ = {isa = PBXBuildFile; fileRef = 18DAC63F1EE41859008DF7BF /* AppCoordinator.swift */; };
		18DAC6421EE41AC7008DF7BF /* HomeCoordinator.swift in Sources */ = {isa = PBXBuildFile; fileRef = 18DAC6411EE41AC7008DF7BF /* HomeCoordinator.swift */; };
		18DAC6441EE41AD2008DF7BF /* LoginCoordinator.swift in Sources */ = {isa = PBXBuildFile; fileRef = 18DAC6431EE41AD2008DF7BF /* LoginCoordinator.swift */; };
		18DAC6461EE41D51008DF7BF /* SignupCoordinator.swift in Sources */ = {isa = PBXBuildFile; fileRef = 18DAC6451EE41D51008DF7BF /* SignupCoordinator.swift */; };
		18DAC6491EE41EEA008DF7BF /* LoginViewController.swift in Sources */ = {isa = PBXBuildFile; fileRef = 18DAC6481EE41EEA008DF7BF /* LoginViewController.swift */; };
		18DAC64B1EE41FE4008DF7BF /* HomeViewController.swift in Sources */ = {isa = PBXBuildFile; fileRef = 18DAC64A1EE41FE4008DF7BF /* HomeViewController.swift */; };
		18DAC64E1EE4216D008DF7BF /* LoginViewModel.swift in Sources */ = {isa = PBXBuildFile; fileRef = 18DAC64D1EE4216D008DF7BF /* LoginViewModel.swift */; };
		18DAC6501EE435B1008DF7BF /* SignupViewController.swift in Sources */ = {isa = PBXBuildFile; fileRef = 18DAC64F1EE435B1008DF7BF /* SignupViewController.swift */; };
		18DAC6521EE43609008DF7BF /* SignupViewModel.swift in Sources */ = {isa = PBXBuildFile; fileRef = 18DAC6511EE43609008DF7BF /* SignupViewModel.swift */; };
		18DAC6541EE437AE008DF7BF /* AddNewViewController.swift in Sources */ = {isa = PBXBuildFile; fileRef = 18DAC6531EE437AE008DF7BF /* AddNewViewController.swift */; };
		18DAC6561EE438F2008DF7BF /* NavViewController.swift in Sources */ = {isa = PBXBuildFile; fileRef = 18DAC6551EE438F2008DF7BF /* NavViewController.swift */; };
		18DAC6591EE45687008DF7BF /* TodoModel.swift in Sources */ = {isa = PBXBuildFile; fileRef = 18DAC6581EE45687008DF7BF /* TodoModel.swift */; };
		18DAC65B1EE456E5008DF7BF /* HomeViewModel.swift in Sources */ = {isa = PBXBuildFile; fileRef = 18DAC65A1EE456E5008DF7BF /* HomeViewModel.swift */; };
		18DAC65E1EE46252008DF7BF /* HomeTableViewCell.swift in Sources */ = {isa = PBXBuildFile; fileRef = 18DAC65C1EE46252008DF7BF /* HomeTableViewCell.swift */; };
		18DAC65F1EE46252008DF7BF /* HomeTableViewCell.xib in Resources */ = {isa = PBXBuildFile; fileRef = 18DAC65D1EE46252008DF7BF /* HomeTableViewCell.xib */; };
		18DAC6611EE4FC9D008DF7BF /* AddNewViewModel.swift in Sources */ = {isa = PBXBuildFile; fileRef = 18DAC6601EE4FC9D008DF7BF /* AddNewViewModel.swift */; };
		18DAC6631EE51C60008DF7BF /* AddNewCoordinator.swift in Sources */ = {isa = PBXBuildFile; fileRef = 18DAC6621EE51C60008DF7BF /* AddNewCoordinator.swift */; };
		18DAC6661EE58497008DF7BF /* TodoRepository.swift in Sources */ = {isa = PBXBuildFile; fileRef = 18DAC6651EE58497008DF7BF /* TodoRepository.swift */; };
		18DAC6681EE587E6008DF7BF /* Repository.swift in Sources */ = {isa = PBXBuildFile; fileRef = 18DAC6671EE587E6008DF7BF /* Repository.swift */; };
		1EEBD31B05F506952B662647 /* Pods_iOSToDoApp.framework in Frameworks */ = {isa = PBXBuildFile; fileRef = D322B696BFE7B46DDA06257D /* Pods_iOSToDoApp.framework */; };
/* End PBXBuildFile section */

/* Begin PBXFileReference section */
		1843AC571EE2551F003811FD /* iOSToDoApp.app */ = {isa = PBXFileReference; explicitFileType = wrapper.application; includeInIndex = 0; path = iOSToDoApp.app; sourceTree = BUILT_PRODUCTS_DIR; };
		1843AC5A1EE2551F003811FD /* AppDelegate.swift */ = {isa = PBXFileReference; lastKnownFileType = sourcecode.swift; path = AppDelegate.swift; sourceTree = "<group>"; };
		1843AC5F1EE2551F003811FD /* Base */ = {isa = PBXFileReference; lastKnownFileType = file.storyboard; name = Base; path = Base.lproj/Main.storyboard; sourceTree = "<group>"; };
		1843AC611EE2551F003811FD /* Assets.xcassets */ = {isa = PBXFileReference; lastKnownFileType = folder.assetcatalog; path = Assets.xcassets; sourceTree = "<group>"; };
		1843AC641EE2551F003811FD /* Base */ = {isa = PBXFileReference; lastKnownFileType = file.storyboard; name = Base; path = Base.lproj/LaunchScreen.storyboard; sourceTree = "<group>"; };
		1843AC661EE2551F003811FD /* Info.plist */ = {isa = PBXFileReference; lastKnownFileType = text.plist.xml; path = Info.plist; sourceTree = "<group>"; };
		18A45C971EE59F9300B89E98 /* ViewControllerExtension.swift */ = {isa = PBXFileReference; fileEncoding = 4; lastKnownFileType = sourcecode.swift; path = ViewControllerExtension.swift; sourceTree = "<group>"; };
		18CDDE071EE8073300893C20 /* AwesomeTextField.swift */ = {isa = PBXFileReference; fileEncoding = 4; lastKnownFileType = sourcecode.swift; path = AwesomeTextField.swift; sourceTree = "<group>"; };
		18CDDE0A1EE80ECC00893C20 /* BaseViewController.swift */ = {isa = PBXFileReference; fileEncoding = 4; lastKnownFileType = sourcecode.swift; path = BaseViewController.swift; sourceTree = "<group>"; };
		18CDDE0C1EE814F000893C20 /* UserRepository.swift */ = {isa = PBXFileReference; fileEncoding = 4; lastKnownFileType = sourcecode.swift; path = UserRepository.swift; sourceTree = "<group>"; };
		18CDDE0E1EE832FC00893C20 /* UserModel.swift */ = {isa = PBXFileReference; fileEncoding = 4; lastKnownFileType = sourcecode.swift; path = UserModel.swift; sourceTree = "<group>"; };
		18CDDE101EE84D4900893C20 /* UserDefaultHandler.swift */ = {isa = PBXFileReference; fileEncoding = 4; lastKnownFileType = sourcecode.swift; path = UserDefaultHandler.swift; sourceTree = "<group>"; };
		18DAC6231EE3AB22008DF7BF /* FieldView.swift */ = {isa = PBXFileReference; fileEncoding = 4; lastKnownFileType = sourcecode.swift; path = FieldView.swift; sourceTree = "<group>"; };
		18DAC6251EE3AB2E008DF7BF /* FieldView.xib */ = {isa = PBXFileReference; fileEncoding = 4; lastKnownFileType = file.xib; path = FieldView.xib; sourceTree = "<group>"; };
		18DAC62A1EE3B630008DF7BF /* ItemNavView.swift */ = {isa = PBXFileReference; fileEncoding = 4; lastKnownFileType = sourcecode.swift; path = ItemNavView.swift; sourceTree = "<group>"; };
		18DAC62C1EE3B63F008DF7BF /* ItemNavView.xib */ = {isa = PBXFileReference; fileEncoding = 4; lastKnownFileType = file.xib; path = ItemNavView.xib; sourceTree = "<group>"; };
		18DAC6301EE3C499008DF7BF /* ItemPickerView.swift */ = {isa = PBXFileReference; fileEncoding = 4; lastKnownFileType = sourcecode.swift; path = ItemPickerView.swift; sourceTree = "<group>"; };
		18DAC6321EE3C519008DF7BF /* ItemPickerView.xib */ = {isa = PBXFileReference; fileEncoding = 4; lastKnownFileType = file.xib; path = ItemPickerView.xib; sourceTree = "<group>"; };
		18DAC6341EE3E08C008DF7BF /* ItemToDoView.xib */ = {isa = PBXFileReference; fileEncoding = 4; lastKnownFileType = file.xib; path = ItemToDoView.xib; sourceTree = "<group>"; };
		18DAC6361EE3E09A008DF7BF /* ItemToDoView.swift */ = {isa = PBXFileReference; fileEncoding = 4; lastKnownFileType = sourcecode.swift; path = ItemToDoView.swift; sourceTree = "<group>"; };
		18DAC63D1EE4169A008DF7BF /* Coordinator.swift */ = {isa = PBXFileReference; fileEncoding = 4; lastKnownFileType = sourcecode.swift; path = Coordinator.swift; sourceTree = "<group>"; };
		18DAC63F1EE41859008DF7BF /* AppCoordinator.swift */ = {isa = PBXFileReference; fileEncoding = 4; lastKnownFileType = sourcecode.swift; path = AppCoordinator.swift; sourceTree = "<group>"; };
		18DAC6411EE41AC7008DF7BF /* HomeCoordinator.swift */ = {isa = PBXFileReference; fileEncoding = 4; lastKnownFileType = sourcecode.swift; path = HomeCoordinator.swift; sourceTree = "<group>"; };
		18DAC6431EE41AD2008DF7BF /* LoginCoordinator.swift */ = {isa = PBXFileReference; fileEncoding = 4; lastKnownFileType = sourcecode.swift; path = LoginCoordinator.swift; sourceTree = "<group>"; };
		18DAC6451EE41D51008DF7BF /* SignupCoordinator.swift */ = {isa = PBXFileReference; fileEncoding = 4; lastKnownFileType = sourcecode.swift; path = SignupCoordinator.swift; sourceTree = "<group>"; };
		18DAC6481EE41EEA008DF7BF /* LoginViewController.swift */ = {isa = PBXFileReference; fileEncoding = 4; lastKnownFileType = sourcecode.swift; path = LoginViewController.swift; sourceTree = "<group>"; };
		18DAC64A1EE41FE4008DF7BF /* HomeViewController.swift */ = {isa = PBXFileReference; fileEncoding = 4; lastKnownFileType = sourcecode.swift; path = HomeViewController.swift; sourceTree = "<group>"; };
		18DAC64D1EE4216D008DF7BF /* LoginViewModel.swift */ = {isa = PBXFileReference; fileEncoding = 4; lastKnownFileType = sourcecode.swift; path = LoginViewModel.swift; sourceTree = "<group>"; };
		18DAC64F1EE435B1008DF7BF /* SignupViewController.swift */ = {isa = PBXFileReference; fileEncoding = 4; lastKnownFileType = sourcecode.swift; path = SignupViewController.swift; sourceTree = "<group>"; };
		18DAC6511EE43609008DF7BF /* SignupViewModel.swift */ = {isa = PBXFileReference; fileEncoding = 4; lastKnownFileType = sourcecode.swift; path = SignupViewModel.swift; sourceTree = "<group>"; };
		18DAC6531EE437AE008DF7BF /* AddNewViewController.swift */ = {isa = PBXFileReference; fileEncoding = 4; lastKnownFileType = sourcecode.swift; path = AddNewViewController.swift; sourceTree = "<group>"; };
		18DAC6551EE438F2008DF7BF /* NavViewController.swift */ = {isa = PBXFileReference; fileEncoding = 4; lastKnownFileType = sourcecode.swift; path = NavViewController.swift; sourceTree = "<group>"; };
		18DAC6581EE45687008DF7BF /* TodoModel.swift */ = {isa = PBXFileReference; fileEncoding = 4; lastKnownFileType = sourcecode.swift; path = TodoModel.swift; sourceTree = "<group>"; };
		18DAC65A1EE456E5008DF7BF /* HomeViewModel.swift */ = {isa = PBXFileReference; fileEncoding = 4; lastKnownFileType = sourcecode.swift; path = HomeViewModel.swift; sourceTree = "<group>"; };
		18DAC65C1EE46252008DF7BF /* HomeTableViewCell.swift */ = {isa = PBXFileReference; fileEncoding = 4; lastKnownFileType = sourcecode.swift; path = HomeTableViewCell.swift; sourceTree = "<group>"; };
		18DAC65D1EE46252008DF7BF /* HomeTableViewCell.xib */ = {isa = PBXFileReference; fileEncoding = 4; lastKnownFileType = file.xib; path = HomeTableViewCell.xib; sourceTree = "<group>"; };
		18DAC6601EE4FC9D008DF7BF /* AddNewViewModel.swift */ = {isa = PBXFileReference; fileEncoding = 4; lastKnownFileType = sourcecode.swift; path = AddNewViewModel.swift; sourceTree = "<group>"; };
		18DAC6621EE51C60008DF7BF /* AddNewCoordinator.swift */ = {isa = PBXFileReference; fileEncoding = 4; lastKnownFileType = sourcecode.swift; path = AddNewCoordinator.swift; sourceTree = "<group>"; };
		18DAC6651EE58497008DF7BF /* TodoRepository.swift */ = {isa = PBXFileReference; fileEncoding = 4; lastKnownFileType = sourcecode.swift; path = TodoRepository.swift; sourceTree = "<group>"; };
		18DAC6671EE587E6008DF7BF /* Repository.swift */ = {isa = PBXFileReference; fileEncoding = 4; lastKnownFileType = sourcecode.swift; path = Repository.swift; sourceTree = "<group>"; };
		675A4EADE9F1D2406FFE6358 /* Pods-iOSToDoApp.release.xcconfig */ = {isa = PBXFileReference; includeInIndex = 1; lastKnownFileType = text.xcconfig; name = "Pods-iOSToDoApp.release.xcconfig"; path = "Pods/Target Support Files/Pods-iOSToDoApp/Pods-iOSToDoApp.release.xcconfig"; sourceTree = "<group>"; };
		7590E0A4894C4F015FA48A76 /* Pods-iOSToDoApp.debug.xcconfig */ = {isa = PBXFileReference; includeInIndex = 1; lastKnownFileType = text.xcconfig; name = "Pods-iOSToDoApp.debug.xcconfig"; path = "Pods/Target Support Files/Pods-iOSToDoApp/Pods-iOSToDoApp.debug.xcconfig"; sourceTree = "<group>"; };
		D322B696BFE7B46DDA06257D /* Pods_iOSToDoApp.framework */ = {isa = PBXFileReference; explicitFileType = wrapper.framework; includeInIndex = 0; path = Pods_iOSToDoApp.framework; sourceTree = BUILT_PRODUCTS_DIR; };
/* End PBXFileReference section */

/* Begin PBXFrameworksBuildPhase section */
		1843AC541EE2551F003811FD /* Frameworks */ = {
			isa = PBXFrameworksBuildPhase;
			buildActionMask = 2147483647;
			files = (
				1EEBD31B05F506952B662647 /* Pods_iOSToDoApp.framework in Frameworks */,
			);
			runOnlyForDeploymentPostprocessing = 0;
		};
/* End PBXFrameworksBuildPhase section */

/* Begin PBXGroup section */
		0B63E9CFEB6EF0124E4FA5A5 /* Pods */ = {
			isa = PBXGroup;
			children = (
				7590E0A4894C4F015FA48A76 /* Pods-iOSToDoApp.debug.xcconfig */,
				675A4EADE9F1D2406FFE6358 /* Pods-iOSToDoApp.release.xcconfig */,
			);
			name = Pods;
			sourceTree = "<group>";
		};
		1843AC4E1EE2551F003811FD = {
			isa = PBXGroup;
			children = (
				1843AC591EE2551F003811FD /* iOSToDoApp */,
				1843AC581EE2551F003811FD /* Products */,
				0B63E9CFEB6EF0124E4FA5A5 /* Pods */,
				BF9078F5CA781732F59A4B76 /* Frameworks */,
			);
			sourceTree = "<group>";
		};
		1843AC581EE2551F003811FD /* Products */ = {
			isa = PBXGroup;
			children = (
				1843AC571EE2551F003811FD /* iOSToDoApp.app */,
			);
			name = Products;
			sourceTree = "<group>";
		};
		1843AC591EE2551F003811FD /* iOSToDoApp */ = {
			isa = PBXGroup;
			children = (
				18CDDE091EE80EAB00893C20 /* Base */,
				18DAC6641EE58486008DF7BF /* Repository */,
				18DAC6571EE4566B008DF7BF /* Model */,
				18DAC64C1EE4215D008DF7BF /* ViewModel */,
				18DAC6471EE41EBC008DF7BF /* ViewController */,
				18DAC63C1EE4168A008DF7BF /* Coordinator */,
				18DAC6271EE3B5EF008DF7BF /* CustomViews */,
				1843AC5A1EE2551F003811FD /* AppDelegate.swift */,
				1843AC5E1EE2551F003811FD /* Main.storyboard */,
				1843AC611EE2551F003811FD /* Assets.xcassets */,
				1843AC631EE2551F003811FD /* LaunchScreen.storyboard */,
				1843AC661EE2551F003811FD /* Info.plist */,
			);
			path = iOSToDoApp;
			sourceTree = "<group>";
		};
		18CDDE091EE80EAB00893C20 /* Base */ = {
			isa = PBXGroup;
			children = (
				18DAC6671EE587E6008DF7BF /* Repository.swift */,
				18DAC63D1EE4169A008DF7BF /* Coordinator.swift */,
				18CDDE0A1EE80ECC00893C20 /* BaseViewController.swift */,
				18A45C971EE59F9300B89E98 /* ViewControllerExtension.swift */,
				18CDDE101EE84D4900893C20 /* UserDefaultHandler.swift */,
			);
			name = Base;
			sourceTree = "<group>";
		};
		18DAC6271EE3B5EF008DF7BF /* CustomViews */ = {
			isa = PBXGroup;
			children = (
				18DAC6231EE3AB22008DF7BF /* FieldView.swift */,
				18DAC6251EE3AB2E008DF7BF /* FieldView.xib */,
				18DAC62A1EE3B630008DF7BF /* ItemNavView.swift */,
				18DAC62C1EE3B63F008DF7BF /* ItemNavView.xib */,
				18DAC6301EE3C499008DF7BF /* ItemPickerView.swift */,
				18DAC6321EE3C519008DF7BF /* ItemPickerView.xib */,
				18DAC6361EE3E09A008DF7BF /* ItemToDoView.swift */,
				18DAC6341EE3E08C008DF7BF /* ItemToDoView.xib */,
				18DAC65C1EE46252008DF7BF /* HomeTableViewCell.swift */,
				18DAC65D1EE46252008DF7BF /* HomeTableViewCell.xib */,
				18CDDE071EE8073300893C20 /* AwesomeTextField.swift */,
			);
			name = CustomViews;
			sourceTree = "<group>";
		};
		18DAC63C1EE4168A008DF7BF /* Coordinator */ = {
			isa = PBXGroup;
			children = (
				18DAC63F1EE41859008DF7BF /* AppCoordinator.swift */,
				18DAC6411EE41AC7008DF7BF /* HomeCoordinator.swift */,
				18DAC6431EE41AD2008DF7BF /* LoginCoordinator.swift */,
				18DAC6451EE41D51008DF7BF /* SignupCoordinator.swift */,
				18DAC6621EE51C60008DF7BF /* AddNewCoordinator.swift */,
			);
			name = Coordinator;
			sourceTree = "<group>";
		};
		18DAC6471EE41EBC008DF7BF /* ViewController */ = {
			isa = PBXGroup;
			children = (
				18DAC6481EE41EEA008DF7BF /* LoginViewController.swift */,
				18DAC64A1EE41FE4008DF7BF /* HomeViewController.swift */,
				18DAC64F1EE435B1008DF7BF /* SignupViewController.swift */,
				18DAC6531EE437AE008DF7BF /* AddNewViewController.swift */,
				18DAC6551EE438F2008DF7BF /* NavViewController.swift */,
			);
			name = ViewController;
			sourceTree = "<group>";
		};
		18DAC64C1EE4215D008DF7BF /* ViewModel */ = {
			isa = PBXGroup;
			children = (
				18DAC64D1EE4216D008DF7BF /* LoginViewModel.swift */,
				18DAC6511EE43609008DF7BF /* SignupViewModel.swift */,
				18DAC65A1EE456E5008DF7BF /* HomeViewModel.swift */,
				18DAC6601EE4FC9D008DF7BF /* AddNewViewModel.swift */,
			);
			name = ViewModel;
			sourceTree = "<group>";
		};
		18DAC6571EE4566B008DF7BF /* Model */ = {
			isa = PBXGroup;
			children = (
				18DAC6581EE45687008DF7BF /* TodoModel.swift */,
				18CDDE0E1EE832FC00893C20 /* UserModel.swift */,
			);
			name = Model;
			sourceTree = "<group>";
		};
		18DAC6641EE58486008DF7BF /* Repository */ = {
			isa = PBXGroup;
			children = (
				18DAC6651EE58497008DF7BF /* TodoRepository.swift */,
				18CDDE0C1EE814F000893C20 /* UserRepository.swift */,
			);
			name = Repository;
			sourceTree = "<group>";
		};
		BF9078F5CA781732F59A4B76 /* Frameworks */ = {
			isa = PBXGroup;
			children = (
				D322B696BFE7B46DDA06257D /* Pods_iOSToDoApp.framework */,
			);
			name = Frameworks;
			sourceTree = "<group>";
		};
/* End PBXGroup section */

/* Begin PBXNativeTarget section */
		1843AC561EE2551F003811FD /* iOSToDoApp */ = {
			isa = PBXNativeTarget;
			buildConfigurationList = 1843AC691EE2551F003811FD /* Build configuration list for PBXNativeTarget "iOSToDoApp" */;
			buildPhases = (
				30D0D54DFB634E6A0B1AB1BE /* [CP] Check Pods Manifest.lock */,
				1843AC531EE2551F003811FD /* Sources */,
				1843AC541EE2551F003811FD /* Frameworks */,
				1843AC551EE2551F003811FD /* Resources */,
				66210040B94EF5C36475007E /* [CP] Embed Pods Frameworks */,
				BF14C723BFC590F959CDAEDB /* [CP] Copy Pods Resources */,
			);
			buildRules = (
			);
			dependencies = (
			);
			name = iOSToDoApp;
			productName = iOSToDoApp;
			productReference = 1843AC571EE2551F003811FD /* iOSToDoApp.app */;
			productType = "com.apple.product-type.application";
		};
/* End PBXNativeTarget section */

/* Begin PBXProject section */
		1843AC4F1EE2551F003811FD /* Project object */ = {
			isa = PBXProject;
			attributes = {
				LastSwiftUpdateCheck = 0830;
				LastUpgradeCheck = 0830;
				ORGANIZATIONNAME = apple;
				TargetAttributes = {
					1843AC561EE2551F003811FD = {
						CreatedOnToolsVersion = 8.3.2;
						DevelopmentTeam = A9A6WPH8TG;
						ProvisioningStyle = Automatic;
					};
				};
			};
			buildConfigurationList = 1843AC521EE2551F003811FD /* Build configuration list for PBXProject "iOSToDoApp" */;
			compatibilityVersion = "Xcode 3.2";
			developmentRegion = English;
			hasScannedForEncodings = 0;
			knownRegions = (
				en,
				Base,
			);
			mainGroup = 1843AC4E1EE2551F003811FD;
			productRefGroup = 1843AC581EE2551F003811FD /* Products */;
			projectDirPath = "";
			projectRoot = "";
			targets = (
				1843AC561EE2551F003811FD /* iOSToDoApp */,
			);
		};
/* End PBXProject section */

/* Begin PBXResourcesBuildPhase section */
		1843AC551EE2551F003811FD /* Resources */ = {
			isa = PBXResourcesBuildPhase;
			buildActionMask = 2147483647;
			files = (
				1843AC651EE2551F003811FD /* LaunchScreen.storyboard in Resources */,
				18DAC6261EE3AB2E008DF7BF /* FieldView.xib in Resources */,
				18DAC65F1EE46252008DF7BF /* HomeTableViewCell.xib in Resources */,
				1843AC621EE2551F003811FD /* Assets.xcassets in Resources */,
				18DAC6351EE3E08C008DF7BF /* ItemToDoView.xib in Resources */,
				18DAC6331EE3C519008DF7BF /* ItemPickerView.xib in Resources */,
				1843AC601EE2551F003811FD /* Main.storyboard in Resources */,
				18DAC62D1EE3B63F008DF7BF /* ItemNavView.xib in Resources */,
			);
			runOnlyForDeploymentPostprocessing = 0;
		};
/* End PBXResourcesBuildPhase section */

/* Begin PBXShellScriptBuildPhase section */
		30D0D54DFB634E6A0B1AB1BE /* [CP] Check Pods Manifest.lock */ = {
			isa = PBXShellScriptBuildPhase;
			buildActionMask = 2147483647;
			files = (
			);
			inputPaths = (
			);
			name = "[CP] Check Pods Manifest.lock";
			outputPaths = (
			);
			runOnlyForDeploymentPostprocessing = 0;
			shellPath = /bin/sh;
			shellScript = "diff \"${PODS_PODFILE_DIR_PATH}/Podfile.lock\" \"${PODS_ROOT}/Manifest.lock\" > /dev/null\nif [ $? != 0 ] ; then\n    # print error to STDERR\n    echo \"error: The sandbox is not in sync with the Podfile.lock. Run 'pod install' or update your CocoaPods installation.\" >&2\n    exit 1\nfi\n";
			showEnvVarsInLog = 0;
		};
		66210040B94EF5C36475007E /* [CP] Embed Pods Frameworks */ = {
			isa = PBXShellScriptBuildPhase;
			buildActionMask = 2147483647;
			files = (
			);
			inputPaths = (
			);
			name = "[CP] Embed Pods Frameworks";
			outputPaths = (
			);
			runOnlyForDeploymentPostprocessing = 0;
			shellPath = /bin/sh;
			shellScript = "\"${SRCROOT}/Pods/Target Support Files/Pods-iOSToDoApp/Pods-iOSToDoApp-frameworks.sh\"\n";
			showEnvVarsInLog = 0;
		};
		BF14C723BFC590F959CDAEDB /* [CP] Copy Pods Resources */ = {
			isa = PBXShellScriptBuildPhase;
			buildActionMask = 2147483647;
			files = (
			);
			inputPaths = (
			);
			name = "[CP] Copy Pods Resources";
			outputPaths = (
			);
			runOnlyForDeploymentPostprocessing = 0;
			shellPath = /bin/sh;
			shellScript = "\"${SRCROOT}/Pods/Target Support Files/Pods-iOSToDoApp/Pods-iOSToDoApp-resources.sh\"\n";
			showEnvVarsInLog = 0;
		};
/* End PBXShellScriptBuildPhase section */

/* Begin PBXSourcesBuildPhase section */
		1843AC531EE2551F003811FD /* Sources */ = {
			isa = PBXSourcesBuildPhase;
			buildActionMask = 2147483647;
			files = (
				18DAC6541EE437AE008DF7BF /* AddNewViewController.swift in Sources */,
				18DAC63E1EE4169A008DF7BF /* Coordinator.swift in Sources */,
				18DAC6371EE3E09A008DF7BF /* ItemToDoView.swift in Sources */,
				18CDDE0F1EE832FC00893C20 /* UserModel.swift in Sources */,
				18A45C981EE59F9300B89E98 /* ViewControllerExtension.swift in Sources */,
				18DAC65B1EE456E5008DF7BF /* HomeViewModel.swift in Sources */,
				18CDDE0B1EE80ECC00893C20 /* BaseViewController.swift in Sources */,
				18DAC6521EE43609008DF7BF /* SignupViewModel.swift in Sources */,
				18DAC6561EE438F2008DF7BF /* NavViewController.swift in Sources */,
				18DAC65E1EE46252008DF7BF /* HomeTableViewCell.swift in Sources */,
				18DAC6461EE41D51008DF7BF /* SignupCoordinator.swift in Sources */,
				18CDDE0D1EE814F000893C20 /* UserRepository.swift in Sources */,
				18DAC64B1EE41FE4008DF7BF /* HomeViewController.swift in Sources */,
				18DAC6591EE45687008DF7BF /* TodoModel.swift in Sources */,
				18DAC6441EE41AD2008DF7BF /* LoginCoordinator.swift in Sources */,
				18CDDE111EE84D4900893C20 /* UserDefaultHandler.swift in Sources */,
				18DAC6681EE587E6008DF7BF /* Repository.swift in Sources */,
				18DAC64E1EE4216D008DF7BF /* LoginViewModel.swift in Sources */,
				18DAC6241EE3AB22008DF7BF /* FieldView.swift in Sources */,
				18DAC6311EE3C499008DF7BF /* ItemPickerView.swift in Sources */,
				18DAC6401EE41859008DF7BF /* AppCoordinator.swift in Sources */,
				18CDDE081EE8073300893C20 /* AwesomeTextField.swift in Sources */,
				18DAC6631EE51C60008DF7BF /* AddNewCoordinator.swift in Sources */,
				18DAC6421EE41AC7008DF7BF /* HomeCoordinator.swift in Sources */,
				18DAC6661EE58497008DF7BF /* TodoRepository.swift in Sources */,
				18DAC6611EE4FC9D008DF7BF /* AddNewViewModel.swift in Sources */,
				1843AC5B1EE2551F003811FD /* AppDelegate.swift in Sources */,
				18DAC6501EE435B1008DF7BF /* SignupViewController.swift in Sources */,
				18DAC6491EE41EEA008DF7BF /* LoginViewController.swift in Sources */,
				18DAC62B1EE3B630008DF7BF /* ItemNavView.swift in Sources */,
			);
			runOnlyForDeploymentPostprocessing = 0;
		};
/* End PBXSourcesBuildPhase section */

/* Begin PBXVariantGroup section */
		1843AC5E1EE2551F003811FD /* Main.storyboard */ = {
			isa = PBXVariantGroup;
			children = (
				1843AC5F1EE2551F003811FD /* Base */,
			);
			name = Main.storyboard;
			sourceTree = "<group>";
		};
		1843AC631EE2551F003811FD /* LaunchScreen.storyboard */ = {
			isa = PBXVariantGroup;
			children = (
				1843AC641EE2551F003811FD /* Base */,
			);
			name = LaunchScreen.storyboard;
			sourceTree = "<group>";
		};
/* End PBXVariantGroup section */

/* Begin XCBuildConfiguration section */
		1843AC671EE2551F003811FD /* Debug */ = {
			isa = XCBuildConfiguration;
			buildSettings = {
				ALWAYS_SEARCH_USER_PATHS = NO;
				CLANG_ANALYZER_NONNULL = YES;
				CLANG_ANALYZER_NUMBER_OBJECT_CONVERSION = YES_AGGRESSIVE;
				CLANG_CXX_LANGUAGE_STANDARD = "gnu++0x";
				CLANG_CXX_LIBRARY = "libc++";
				CLANG_ENABLE_MODULES = YES;
				CLANG_ENABLE_OBJC_ARC = YES;
				CLANG_WARN_BOOL_CONVERSION = YES;
				CLANG_WARN_CONSTANT_CONVERSION = YES;
				CLANG_WARN_DIRECT_OBJC_ISA_USAGE = YES_ERROR;
				CLANG_WARN_DOCUMENTATION_COMMENTS = YES;
				CLANG_WARN_EMPTY_BODY = YES;
				CLANG_WARN_ENUM_CONVERSION = YES;
				CLANG_WARN_INFINITE_RECURSION = YES;
				CLANG_WARN_INT_CONVERSION = YES;
				CLANG_WARN_OBJC_ROOT_CLASS = YES_ERROR;
				CLANG_WARN_SUSPICIOUS_MOVE = YES;
				CLANG_WARN_UNREACHABLE_CODE = YES;
				CLANG_WARN__DUPLICATE_METHOD_MATCH = YES;
				"CODE_SIGN_IDENTITY[sdk=iphoneos*]" = "iPhone Developer";
				COPY_PHASE_STRIP = NO;
				DEBUG_INFORMATION_FORMAT = dwarf;
				ENABLE_STRICT_OBJC_MSGSEND = YES;
				ENABLE_TESTABILITY = YES;
				GCC_C_LANGUAGE_STANDARD = gnu99;
				GCC_DYNAMIC_NO_PIC = NO;
				GCC_NO_COMMON_BLOCKS = YES;
				GCC_OPTIMIZATION_LEVEL = 0;
				GCC_PREPROCESSOR_DEFINITIONS = (
					"DEBUG=1",
					"$(inherited)",
				);
				GCC_WARN_64_TO_32_BIT_CONVERSION = YES;
				GCC_WARN_ABOUT_RETURN_TYPE = YES_ERROR;
				GCC_WARN_UNDECLARED_SELECTOR = YES;
				GCC_WARN_UNINITIALIZED_AUTOS = YES_AGGRESSIVE;
				GCC_WARN_UNUSED_FUNCTION = YES;
				GCC_WARN_UNUSED_VARIABLE = YES;
				IPHONEOS_DEPLOYMENT_TARGET = 10.3;
				MTL_ENABLE_DEBUG_INFO = YES;
				ONLY_ACTIVE_ARCH = YES;
				SDKROOT = iphoneos;
				SWIFT_ACTIVE_COMPILATION_CONDITIONS = DEBUG;
				SWIFT_OPTIMIZATION_LEVEL = "-Onone";
				TARGETED_DEVICE_FAMILY = "1,2";
			};
			name = Debug;
		};
		1843AC681EE2551F003811FD /* Release */ = {
			isa = XCBuildConfiguration;
			buildSettings = {
				ALWAYS_SEARCH_USER_PATHS = NO;
				CLANG_ANALYZER_NONNULL = YES;
				CLANG_ANALYZER_NUMBER_OBJECT_CONVERSION = YES_AGGRESSIVE;
				CLANG_CXX_LANGUAGE_STANDARD = "gnu++0x";
				CLANG_CXX_LIBRARY = "libc++";
				CLANG_ENABLE_MODULES = YES;
				CLANG_ENABLE_OBJC_ARC = YES;
				CLANG_WARN_BOOL_CONVERSION = YES;
				CLANG_WARN_CONSTANT_CONVERSION = YES;
				CLANG_WARN_DIRECT_OBJC_ISA_USAGE = YES_ERROR;
				CLANG_WARN_DOCUMENTATION_COMMENTS = YES;
				CLANG_WARN_EMPTY_BODY = YES;
				CLANG_WARN_ENUM_CONVERSION = YES;
				CLANG_WARN_INFINITE_RECURSION = YES;
				CLANG_WARN_INT_CONVERSION = YES;
				CLANG_WARN_OBJC_ROOT_CLASS = YES_ERROR;
				CLANG_WARN_SUSPICIOUS_MOVE = YES;
				CLANG_WARN_UNREACHABLE_CODE = YES;
				CLANG_WARN__DUPLICATE_METHOD_MATCH = YES;
				"CODE_SIGN_IDENTITY[sdk=iphoneos*]" = "iPhone Developer";
				COPY_PHASE_STRIP = NO;
				DEBUG_INFORMATION_FORMAT = "dwarf-with-dsym";
				ENABLE_NS_ASSERTIONS = NO;
				ENABLE_STRICT_OBJC_MSGSEND = YES;
				GCC_C_LANGUAGE_STANDARD = gnu99;
				GCC_NO_COMMON_BLOCKS = YES;
				GCC_WARN_64_TO_32_BIT_CONVERSION = YES;
				GCC_WARN_ABOUT_RETURN_TYPE = YES_ERROR;
				GCC_WARN_UNDECLARED_SELECTOR = YES;
				GCC_WARN_UNINITIALIZED_AUTOS = YES_AGGRESSIVE;
				GCC_WARN_UNUSED_FUNCTION = YES;
				GCC_WARN_UNUSED_VARIABLE = YES;
				IPHONEOS_DEPLOYMENT_TARGET = 10.3;
				MTL_ENABLE_DEBUG_INFO = NO;
				SDKROOT = iphoneos;
				SWIFT_OPTIMIZATION_LEVEL = "-Owholemodule";
				TARGETED_DEVICE_FAMILY = "1,2";
				VALIDATE_PRODUCT = YES;
			};
			name = Release;
		};
		1843AC6A1EE2551F003811FD /* Debug */ = {
			isa = XCBuildConfiguration;
			baseConfigurationReference = 7590E0A4894C4F015FA48A76 /* Pods-iOSToDoApp.debug.xcconfig */;
			buildSettings = {
				ASSETCATALOG_COMPILER_APPICON_NAME = AppIcon;
				CODE_SIGN_IDENTITY = "iPhone Developer";
				"CODE_SIGN_IDENTITY[sdk=iphoneos*]" = "iPhone Developer";
				DEVELOPMENT_TEAM = "";
				INFOPLIST_FILE = iOSToDoApp/Info.plist;
				IPHONEOS_DEPLOYMENT_TARGET = 10.2;
				LD_RUNPATH_SEARCH_PATHS = "$(inherited) @executable_path/Frameworks";
				PRODUCT_BUNDLE_IDENTIFIER = com.congnt.iOSToDoApp;
				PRODUCT_NAME = "$(TARGET_NAME)";
				PROVISIONING_PROFILE_SPECIFIER = "";
				SWIFT_VERSION = 3.0;
			};
			name = Debug;
		};
		1843AC6B1EE2551F003811FD /* Release */ = {
			isa = XCBuildConfiguration;
			baseConfigurationReference = 675A4EADE9F1D2406FFE6358 /* Pods-iOSToDoApp.release.xcconfig */;
			buildSettings = {
				ASSETCATALOG_COMPILER_APPICON_NAME = AppIcon;
				CODE_SIGN_IDENTITY = "iPhone Developer";
				"CODE_SIGN_IDENTITY[sdk=iphoneos*]" = "iPhone Developer";
				DEVELOPMENT_TEAM = "";
				INFOPLIST_FILE = iOSToDoApp/Info.plist;
				IPHONEOS_DEPLOYMENT_TARGET = 10.2;
				LD_RUNPATH_SEARCH_PATHS = "$(inherited) @executable_path/Frameworks";
				PRODUCT_BUNDLE_IDENTIFIER = com.congnt.iOSToDoApp;
				PRODUCT_NAME = "$(TARGET_NAME)";
				PROVISIONING_PROFILE_SPECIFIER = "";
				SWIFT_VERSION = 3.0;
			};
			name = Release;
		};
/* End XCBuildConfiguration section */

/* Begin XCConfigurationList section */
		1843AC521EE2551F003811FD /* Build configuration list for PBXProject "iOSToDoApp" */ = {
			isa = XCConfigurationList;
			buildConfigurations = (
				1843AC671EE2551F003811FD /* Debug */,
				1843AC681EE2551F003811FD /* Release */,
			);
			defaultConfigurationIsVisible = 0;
			defaultConfigurationName = Release;
		};
		1843AC691EE2551F003811FD /* Build configuration list for PBXNativeTarget "iOSToDoApp" */ = {
			isa = XCConfigurationList;
			buildConfigurations = (
				1843AC6A1EE2551F003811FD /* Debug */,
				1843AC6B1EE2551F003811FD /* Release */,
			);
			defaultConfigurationIsVisible = 0;
			defaultConfigurationName = Release;
		};
/* End XCConfigurationList section */
	};
	rootObject = 1843AC4F1EE2551F003811FD /* Project object */;
}
